
Microsoft Visual Studio Solution File, Format Version 12.00
# Visual Studio Version 16
VisualStudioVersion = 16.0.29926.136
MinimumVisualStudioVersion = 10.0.40219.1
Project("{FAE04EC0-301F-11D3-BF4B-00C04F79EFBC}") = "Sol_Demo", "Sol_Demo\Sol_Demo.csproj", "{27629F06-8271-4F16-8D12-C477FE227111}"
EndProject
Global
	GlobalSection(SolutionConfigurationPlatforms) = preSolution
		Debug|Any CPU = Debug|Any CPU
		Release|Any CPU = Release|Any CPU
	EndGlobalSection
	GlobalSection(ProjectConfigurationPlatforms) = postSolution
		{27629F06-8271-4F16-8D12-C477FE227111}.Debug|Any CPU.ActiveCfg = Debug|Any CPU
		{27629F06-8271-4F16-8D12-C477FE227111}.Debug|Any CPU.Build.0 = Debug|Any CPU
		{27629F06-8271-4F16-8D12-C477FE227111}.Release|Any CPU.ActiveCfg = Release|Any CPU
		{27629F06-8271-4F16-8D12-C477FE227111}.Release|Any CPU.Build.0 = Release|Any CPU
	EndGlobalSection
	GlobalSection(SolutionProperties) = preSolution
		HideSolutionNode = FALSE
	EndGlobalSection
	GlobalSection(ExtensibilityGlobals) = postSolution
		SolutionGuid = {4A6A0FC3-E4AD-4D1E-9853-C2E64EFEAC01}
	EndGlobalSection
EndGlobal
